// !$*UTF8*$!
{
	archiveVersion = 1;
	classes = {
	};
	objectVersion = 77;
	objects = {

/* Begin PBXBuildFile section */
		C82DB87B0EBF41A9B6CFF661 /* BreakScrollCore in Frameworks */ = {isa = PBXBuildFile; productRef = 01DCBBE9943781C29972D0DA /* BreakScrollCore */; };
		BCB6AAAAAF5DC192CF43F966 /* BreakScrollCore in Frameworks */ = {isa = PBXBuildFile; productRef = 125D52776AFBCB4F8B9E27C5 /* BreakScrollCore */; };
		1F409BE8A10C38C7E4BB3644 /* BreakScrollCore in Frameworks */ = {isa = PBXBuildFile; productRef = 87BF4137FDCBFC3878F4C4BD /* BreakScrollCore */; };
		00F093C65D6645EFAA440038 /* BreakScrollCore in Frameworks */ = {isa = PBXBuildFile; productRef = B74925E829E035C665A424E9 /* BreakScrollCore */; };
		A9BB19949875A64D95F8A7CB /* DeviceActivityMonitorExtension.appex in Embed Foundation Extensions */ = {isa = PBXBuildFile; fileRef = 3B21D66E8898A996A51BBD83 /* DeviceActivityMonitorExtension.appex */; settings = {ATTRIBUTES = (RemoveHeadersOnCopy, ); }; };
		3007D483306455CF4150B90C /* ShieldConfigurationExtension.appex in Embed Foundation Extensions */ = {isa = PBXBuildFile; fileRef = D1732E345131CEA53408E081 /* ShieldConfigurationExtension.appex */; settings = {ATTRIBUTES = (RemoveHeadersOnCopy, ); }; };
		6F887E4394CBFC3A5DC9F2B2 /* ShieldActionExtension.appex in Embed Foundation Extensions */ = {isa = PBXBuildFile; fileRef = 300D09F51D0544BC63221905 /* ShieldActionExtension.appex */; settings = {ATTRIBUTES = (RemoveHeadersOnCopy, ); }; };
/* End PBXBuildFile section */

/* Begin PBXContainerItemProxy section */
		711A8A7FA2F23FBA0F2CBB02 /* PBXContainerItemProxy */ = {
			isa = PBXContainerItemProxy;
			containerPortal = 46F86FAA6BBF9AC94A7E4595 /* Project object */;
			proxyType = 1;
			remoteGlobalIDString = 2CADF57FB5768BB694EC8D80;
			remoteInfo = DeviceActivityMonitorExtension;
		};
		E24F8CEF5ADDACEDE0441E19 /* PBXContainerItemProxy */ = {
			isa = PBXContainerItemProxy;
			containerPortal = 46F86FAA6BBF9AC94A7E4595 /* Project object */;
			proxyType = 1;
			remoteGlobalIDString = A344F8CF2B3B75A66CB3E614;
			remoteInfo = ShieldConfigurationExtension;
		};
		E2B7FFE33CE0F80F51CC7E34 /* PBXContainerItemProxy */ = {
			isa = PBXContainerItemProxy;
			containerPortal = 46F86FAA6BBF9AC94A7E4595 /* Project object */;
			proxyType = 1;
			remoteGlobalIDString = 3CBC41F872315188E8571070;
			remoteInfo = ShieldActionExtension;
		};
/* End PBXContainerItemProxy section */

/* Begin PBXCopyFilesBuildPhase section */
		425893CE4AEDF359C5F0F0D7 /* Embed Foundation Extensions */ = {
			isa = PBXCopyFilesBuildPhase;
			buildActionMask = 2147483647;
			dstPath = "";
			dstSubfolderSpec = 13;
			files = (
				A9BB19949875A64D95F8A7CB /* DeviceActivityMonitorExtension.appex in Embed Foundation Extensions */,
				3007D483306455CF4150B90C /* ShieldConfigurationExtension.appex in Embed Foundation Extensions */,
				6F887E4394CBFC3A5DC9F2B2 /* ShieldActionExtension.appex in Embed Foundation Extensions */,
			);
			name = "Embed Foundation Extensions";
			runOnlyForDeploymentPostprocessing = 0;
		};
/* End PBXCopyFilesBuildPhase section */

/* Begin PBXFileReference section */
		8C38FE2F4E7A2D48C57AD5B7 /* scrollbrake26app.app */ = {isa = PBXFileReference; explicitFileType = wrapper.application; includeInIndex = 0; path = scrollbrake26app.app; sourceTree = BUILT_PRODUCTS_DIR; };
		3B21D66E8898A996A51BBD83 /* DeviceActivityMonitorExtension.appex */ = {isa = PBXFileReference; explicitFileType = "wrapper.app-extension"; includeInIndex = 0; path = DeviceActivityMonitorExtension.appex; sourceTree = BUILT_PRODUCTS_DIR; };
		D1732E345131CEA53408E081 /* ShieldConfigurationExtension.appex */ = {isa = PBXFileReference; explicitFileType = "wrapper.app-extension"; includeInIndex = 0; path = ShieldConfigurationExtension.appex; sourceTree = BUILT_PRODUCTS_DIR; };
		300D09F51D0544BC63221905 /* ShieldActionExtension.appex */ = {isa = PBXFileReference; explicitFileType = "wrapper.app-extension"; includeInIndex = 0; path = ShieldActionExtension.appex; sourceTree = BUILT_PRODUCTS_DIR; };
/* End PBXFileReference section */

/* Begin PBXFileSystemSynchronizedBuildFileExceptionSet section */
		0E9430552DA50F4B516A889F /* Exceptions for "BreakScroll" folder in "scrollbrake26app" target */ = {
			isa = PBXFileSystemSynchronizedBuildFileExceptionSet;
			membershipExceptions = (
				Info.plist,
				BreakScroll.entitlements,
			);
			target = EE82A485E83809160375963E /* scrollbrake26app */;
		};
		174AC061D30517A2D0D43568 /* Exceptions for "DeviceActivityMonitorExtension" folder in "DeviceActivityMonitorExtension" target */ = {
			isa = PBXFileSystemSynchronizedBuildFileExceptionSet;
			membershipExceptions = (
				Info.plist,
				DeviceActivityMonitorExtension.entitlements,
			);
			target = 2CADF57FB5768BB694EC8D80 /* DeviceActivityMonitorExtension */;
		};
		1FEE795D0F8CFEEC441C1AD9 /* Exceptions for "ShieldConfigurationExtension" folder in "ShieldConfigurationExtension" target */ = {
			isa = PBXFileSystemSynchronizedBuildFileExceptionSet;
			membershipExceptions = (
				Info.plist,
				ShieldConfigurationExtension.entitlements,
			);
			target = A344F8CF2B3B75A66CB3E614 /* ShieldConfigurationExtension */;
		};
		20B84D16C7FB628828A0029A /* Exceptions for "ShieldActionExtension" folder in "ShieldActionExtension" target */ = {
			isa = PBXFileSystemSynchronizedBuildFileExceptionSet;
			membershipExceptions = (
				Info.plist,
				ShieldActionExtension.entitlements,
			);
			target = 3CBC41F872315188E8571070 /* ShieldActionExtension */;
		};
/* End PBXFileSystemSynchronizedBuildFileExceptionSet section */

/* Begin PBXFileSystemSynchronizedRootGroup section */
		D7F46F18314FC645D5C89B4B /* BreakScroll */ = {
			isa = PBXFileSystemSynchronizedRootGroup;
			exceptions = (
				0E9430552DA50F4B516A889F,
			);
			path = BreakScroll;
			sourceTree = "<group>";
		};
		BD76A5226157EB3511FFF5E2 /* DeviceActivityMonitorExtension */ = {
			isa = PBXFileSystemSynchronizedRootGroup;
			exceptions = (
				174AC061D30517A2D0D43568,
			);
			path = DeviceActivityMonitorExtension;
			sourceTree = "<group>";
		};
		B53A31A5DB321F02AF1C9A58 /* ShieldConfigurationExtension */ = {
			isa = PBXFileSystemSynchronizedRootGroup;
			exceptions = (
				1FEE795D0F8CFEEC441C1AD9,
			);
			path = ShieldConfigurationExtension;
			sourceTree = "<group>";
		};
		371E4C8DA85D698083313081 /* ShieldActionExtension */ = {
			isa = PBXFileSystemSynchronizedRootGroup;
			exceptions = (
				20B84D16C7FB628828A0029A,
			);
			path = ShieldActionExtension;
			sourceTree = "<group>";
		};
		9D10A42589C8F5479091BEBD /* Shared */ = {
			isa = PBXFileSystemSynchronizedRootGroup;
			path = Shared;
			sourceTree = "<group>";
		};
/* End PBXFileSystemSynchronizedRootGroup section */

/* Begin PBXFrameworksBuildPhase section */
		AC2D868C702946AFF729E07A /* Frameworks */ = {
			isa = PBXFrameworksBuildPhase;
			buildActionMask = 2147483647;
			files = (
				C82DB87B0EBF41A9B6CFF661 /* BreakScrollCore in Frameworks */,
			);
			runOnlyForDeploymentPostprocessing = 0;
		};
		BDD93BFF8E8635437A032CF0 /* Frameworks */ = {
			isa = PBXFrameworksBuildPhase;
			buildActionMask = 2147483647;
			files = (
				BCB6AAAAAF5DC192CF43F966 /* BreakScrollCore in Frameworks */,
			);
			runOnlyForDeploymentPostprocessing = 0;
		};
		F83CC9E1057F8DB88E205CCC /* Frameworks */ = {
			isa = PBXFrameworksBuildPhase;
			buildActionMask = 2147483647;
			files = (
				1F409BE8A10C38C7E4BB3644 /* BreakScrollCore in Frameworks */,
			);
			runOnlyForDeploymentPostprocessing = 0;
		};
		B87AC5AB61BFFDA588BED128 /* Frameworks */ = {
			isa = PBXFrameworksBuildPhase;
			buildActionMask = 2147483647;
			files = (
				00F093C65D6645EFAA440038 /* BreakScrollCore in Frameworks */,
			);
			runOnlyForDeploymentPostprocessing = 0;
		};
/* End PBXFrameworksBuildPhase section */

/* Begin PBXGroup section */
		2B731CEFC6751AAE0EC69B98 = {
			isa = PBXGroup;
			children = (
				D7F46F18314FC645D5C89B4B /* BreakScroll */,
				BD76A5226157EB3511FFF5E2 /* DeviceActivityMonitorExtension */,
				B53A31A5DB321F02AF1C9A58 /* ShieldConfigurationExtension */,
				371E4C8DA85D698083313081 /* ShieldActionExtension */,
				9D10A42589C8F5479091BEBD /* Shared */,
				86024CAD1E83101D97359D73 /* Products */,
			);
			sourceTree = "<group>";
		};
		86024CAD1E83101D97359D73 /* Products */ = {
			isa = PBXGroup;
			children = (
				8C38FE2F4E7A2D48C57AD5B7 /* scrollbrake26app.app */,
				3B21D66E8898A996A51BBD83 /* DeviceActivityMonitorExtension.appex */,
				D1732E345131CEA53408E081 /* ShieldConfigurationExtension.appex */,
				300D09F51D0544BC63221905 /* ShieldActionExtension.appex */,
			);
			name = Products;
			sourceTree = "<group>";
		};
/* End PBXGroup section */

/* Begin PBXNativeTarget section */
		EE82A485E83809160375963E /* scrollbrake26app */ = {
			isa = PBXNativeTarget;
			buildConfigurationList = 3721E66B5E3979190D8634E2 /* Build configuration list for PBXNativeTarget "scrollbrake26app" */;
			buildPhases = (
				780ACE4AA5E88D29D9B64A44 /* Sources */,
				AC2D868C702946AFF729E07A /* Frameworks */,
				E5742D013702EF8E367F623C /* Resources */,
				425893CE4AEDF359C5F0F0D7 /* Embed Foundation Extensions */,
			);
			buildRules = (
			);
			dependencies = (
				4C33082846901FCB32C259ED /* PBXTargetDependency */,
				DF0CA6A739CCFF8D2CAFC3F2 /* PBXTargetDependency */,
				9DF618E0792C52F5391B1A5B /* PBXTargetDependency */,
			);
			fileSystemSynchronizedGroups = (
				D7F46F18314FC645D5C89B4B /* BreakScroll */,
				9D10A42589C8F5479091BEBD /* Shared */,
			);
			name = scrollbrake26app;
			packageProductDependencies = (
				01DCBBE9943781C29972D0DA /* BreakScrollCore */,
			);
			productName = scrollbrake26app;
			productReference = 8C38FE2F4E7A2D48C57AD5B7 /* scrollbrake26app.app */;
			productType = "com.apple.product-type.application";
		};
		2CADF57FB5768BB694EC8D80 /* DeviceActivityMonitorExtension */ = {
			isa = PBXNativeTarget;
			buildConfigurationList = 2F45AAA002D5554322AC2FDF /* Build configuration list for PBXNativeTarget "DeviceActivityMonitorExtension" */;
			buildPhases = (
				478659DBE0DCA8264ACF56B2 /* Sources */,
				BDD93BFF8E8635437A032CF0 /* Frameworks */,
				52A0F3D47D2D1838EAA2109D /* Resources */,
			);
			buildRules = (
			);
			dependencies = (
			);
			fileSystemSynchronizedGroups = (
				BD76A5226157EB3511FFF5E2 /* DeviceActivityMonitorExtension */,
				9D10A42589C8F5479091BEBD /* Shared */,
			);
			name = DeviceActivityMonitorExtension;
			packageProductDependencies = (
				125D52776AFBCB4F8B9E27C5 /* BreakScrollCore */,
			);
			productName = DeviceActivityMonitorExtension;
			productReference = 3B21D66E8898A996A51BBD83 /* DeviceActivityMonitorExtension.appex */;
			productType = "com.apple.product-type.app-extension";
		};
		A344F8CF2B3B75A66CB3E614 /* ShieldConfigurationExtension */ = {
			isa = PBXNativeTarget;
			buildConfigurationList = 61AC06E4844368DB9CCD6654 /* Build configuration list for PBXNativeTarget "ShieldConfigurationExtension" */;
			buildPhases = (
				8BC453517EDAE88E3C84E846 /* Sources */,
				F83CC9E1057F8DB88E205CCC /* Frameworks */,
				0432823F7D6B5F340ADA17FC /* Resources */,
			);
			buildRules = (
			);
			dependencies = (
			);
			fileSystemSynchronizedGroups = (
				B53A31A5DB321F02AF1C9A58 /* ShieldConfigurationExtension */,
				9D10A42589C8F5479091BEBD /* Shared */,
			);
			name = ShieldConfigurationExtension;
			packageProductDependencies = (
				87BF4137FDCBFC3878F4C4BD /* BreakScrollCore */,
			);
			productName = ShieldConfigurationExtension;
			productReference = D1732E345131CEA53408E081 /* ShieldConfigurationExtension.appex */;
			productType = "com.apple.product-type.app-extension";
		};
		3CBC41F872315188E8571070 /* ShieldActionExtension */ = {
			isa = PBXNativeTarget;
			buildConfigurationList = 9B3098F705383F3FDF149C11 /* Build configuration list for PBXNativeTarget "ShieldActionExtension" */;
			buildPhases = (
				4D5E248D49EF6F7F5082E707 /* Sources */,
				B87AC5AB61BFFDA588BED128 /* Frameworks */,
				840D19EDEBC752D8CA636970 /* Resources */,
			);
			buildRules = (
			);
			dependencies = (
			);
			fileSystemSynchronizedGroups = (
				371E4C8DA85D698083313081 /* ShieldActionExtension */,
				9D10A42589C8F5479091BEBD /* Shared */,
			);
			name = ShieldActionExtension;
			packageProductDependencies = (
				B74925E829E035C665A424E9 /* BreakScrollCore */,
			);
			productName = ShieldActionExtension;
			productReference = 300D09F51D0544BC63221905 /* ShieldActionExtension.appex */;
			productType = "com.apple.product-type.app-extension";
		};
/* End PBXNativeTarget section */

/* Begin PBXProject section */
		46F86FAA6BBF9AC94A7E4595 /* Project object */ = {
			isa = PBXProject;
			attributes = {
				BuildIndependentTargetsInParallel = 1;
				LastSwiftUpdateCheck = 2600;
				LastUpgradeCheck = 2600;
				TargetAttributes = {
					EE82A485E83809160375963E = {
						CreatedOnToolsVersion = 26.0;
					};
					2CADF57FB5768BB694EC8D80 = {
						CreatedOnToolsVersion = 26.0;
					};
					A344F8CF2B3B75A66CB3E614 = {
						CreatedOnToolsVersion = 26.0;
					};
					3CBC41F872315188E8571070 = {
						CreatedOnToolsVersion = 26.0;
					};
				};
			};
			buildConfigurationList = A1806D8FE767B99D399E13F3 /* Build configuration list for PBXProject "scrollbrake26app" */;
			developmentRegion = en;
			hasScannedForEncodings = 0;
			knownRegions = (
				en,
				Base,
			);
			mainGroup = 2B731CEFC6751AAE0EC69B98;
			minimizedProjectReferenceProxies = 1;
			packageReferences = (
				AECDD3FD019E0B162D706E8B /* XCLocalSwiftPackageReference "../BreakScrollCore" */,
			);
			preferredProjectObjectVersion = 77;
			productRefGroup = 86024CAD1E83101D97359D73 /* Products */;
			projectDirPath = "";
			projectRoot = "";
			targets = (
				EE82A485E83809160375963E /* scrollbrake26app */,
				2CADF57FB5768BB694EC8D80 /* DeviceActivityMonitorExtension */,
				A344F8CF2B3B75A66CB3E614 /* ShieldConfigurationExtension */,
				3CBC41F872315188E8571070 /* ShieldActionExtension */,
			);
		};
/* End PBXProject section */

/* Begin PBXResourcesBuildPhase section */
		E5742D013702EF8E367F623C /* Resources */ = {
			isa = PBXResourcesBuildPhase;
			buildActionMask = 2147483647;
			files = (
			);
			runOnlyForDeploymentPostprocessing = 0;
		};
		52A0F3D47D2D1838EAA2109D /* Resources */ = {
			isa = PBXResourcesBuildPhase;
			buildActionMask = 2147483647;
			files = (
			);
			runOnlyForDeploymentPostprocessing = 0;
		};
		0432823F7D6B5F340ADA17FC /* Resources */ = {
			isa = PBXResourcesBuildPhase;
			buildActionMask = 2147483647;
			files = (
			);
			runOnlyForDeploymentPostprocessing = 0;
		};
		840D19EDEBC752D8CA636970 /* Resources */ = {
			isa = PBXResourcesBuildPhase;
			buildActionMask = 2147483647;
			files = (
			);
			runOnlyForDeploymentPostprocessing = 0;
		};
/* End PBXResourcesBuildPhase section */

/* Begin PBXSourcesBuildPhase section */
		780ACE4AA5E88D29D9B64A44 /* Sources */ = {
			isa = PBXSourcesBuildPhase;
			buildActionMask = 2147483647;
			files = (
			);
			runOnlyForDeploymentPostprocessing = 0;
		};
		478659DBE0DCA8264ACF56B2 /* Sources */ = {
			isa = PBXSourcesBuildPhase;
			buildActionMask = 2147483647;
			files = (
			);
			runOnlyForDeploymentPostprocessing = 0;
		};
		8BC453517EDAE88E3C84E846 /* Sources */ = {
			isa = PBXSourcesBuildPhase;
			buildActionMask = 2147483647;
			files = (
			);
			runOnlyForDeploymentPostprocessing = 0;
		};
		4D5E248D49EF6F7F5082E707 /* Sources */ = {
			isa = PBXSourcesBuildPhase;
			buildActionMask = 2147483647;
			files = (
			);
			runOnlyForDeploymentPostprocessing = 0;
		};
/* End PBXSourcesBuildPhase section */

/* Begin PBXTargetDependency section */
		4C33082846901FCB32C259ED /* PBXTargetDependency */ = {
			isa = PBXTargetDependency;
			target = 2CADF57FB5768BB694EC8D80 /* DeviceActivityMonitorExtension */;
			targetProxy = 711A8A7FA2F23FBA0F2CBB02 /* PBXContainerItemProxy */;
		};
		DF0CA6A739CCFF8D2CAFC3F2 /* PBXTargetDependency */ = {
			isa = PBXTargetDependency;
			target = A344F8CF2B3B75A66CB3E614 /* ShieldConfigurationExtension */;
			targetProxy = E24F8CEF5ADDACEDE0441E19 /* PBXContainerItemProxy */;
		};
		9DF618E0792C52F5391B1A5B /* PBXTargetDependency */ = {
			isa = PBXTargetDependency;
			target = 3CBC41F872315188E8571070 /* ShieldActionExtension */;
			targetProxy = E2B7FFE33CE0F80F51CC7E34 /* PBXContainerItemProxy */;
		};
/* End PBXTargetDependency section */

/* Begin XCBuildConfiguration section */
		25F88F53074D44ECE4B1A453 /* Debug */ = {
			isa = XCBuildConfiguration;
			buildSettings = {
				ALWAYS_SEARCH_USER_PATHS = NO;
				ASSETCATALOG_COMPILER_GENERATE_SWIFT_ASSET_SYMBOL_EXTENSIONS = YES;
				CLANG_ENABLE_MODULES = YES;
				CLANG_ENABLE_OBJC_ARC = YES;
				DEBUG_INFORMATION_FORMAT = dwarf;
				ENABLE_STRICT_OBJC_MSGSEND = YES;
				ENABLE_TESTABILITY = YES;
				ENABLE_USER_SCRIPT_SANDBOXING = YES;
				GCC_C_LANGUAGE_STANDARD = gnu17;
				GCC_OPTIMIZATION_LEVEL = 0;
				GCC_PREPROCESSOR_DEFINITIONS = ("DEBUG=1", "$(inherited)");
				IPHONEOS_DEPLOYMENT_TARGET = 17.4;
				LOCALIZATION_PREFERS_STRING_CATALOGS = YES;
				ONLY_ACTIVE_ARCH = YES;
				SDKROOT = iphoneos;
				SWIFT_ACTIVE_COMPILATION_CONDITIONS = "DEBUG $(inherited)";
				SWIFT_OPTIMIZATION_LEVEL = "-Onone";
			};
			name = Debug;
		};
		5E62481062E12FB3C636E666 /* Release */ = {
			isa = XCBuildConfiguration;
			buildSettings = {
				ALWAYS_SEARCH_USER_PATHS = NO;
				ASSETCATALOG_COMPILER_GENERATE_SWIFT_ASSET_SYMBOL_EXTENSIONS = YES;
				CLANG_ENABLE_MODULES = YES;
				CLANG_ENABLE_OBJC_ARC = YES;
				DEBUG_INFORMATION_FORMAT = "dwarf-with-dsym";
				ENABLE_NS_ASSERTIONS = NO;
				ENABLE_STRICT_OBJC_MSGSEND = YES;
				ENABLE_USER_SCRIPT_SANDBOXING = YES;
				GCC_C_LANGUAGE_STANDARD = gnu17;
				IPHONEOS_DEPLOYMENT_TARGET = 17.4;
				LOCALIZATION_PREFERS_STRING_CATALOGS = YES;
				SDKROOT = iphoneos;
				SWIFT_COMPILATION_MODE = wholemodule;
				VALIDATE_PRODUCT = YES;
			};
			name = Release;
		};
		32FF56B2DF4D355F72AB0B68 /* Debug */ = {
			isa = XCBuildConfiguration;
			buildSettings = {
				ASSETCATALOG_COMPILER_APPICON_NAME = AppIcon;
				ASSETCATALOG_COMPILER_GLOBAL_ACCENT_COLOR_NAME = AccentColor;
				CODE_SIGN_ENTITLEMENTS = BreakScroll/BreakScroll.entitlements;
				CODE_SIGN_STYLE = Automatic;
				CURRENT_PROJECT_VERSION = 1;
				DEVELOPMENT_TEAM = "";
				ENABLE_PREVIEWS = YES;
				GENERATE_INFOPLIST_FILE = YES;
				INFOPLIST_FILE = BreakScroll/Info.plist;
				INFOPLIST_KEY_CFBundleDisplayName = "BreakScroll";
				INFOPLIST_KEY_UIApplicationSceneManifest_Generation = YES;
				INFOPLIST_KEY_UIApplicationSupportsIndirectInputEvents = YES;
				INFOPLIST_KEY_UILaunchScreen_Generation = YES;
				INFOPLIST_KEY_UISupportedInterfaceOrientations_iPad = "UIInterfaceOrientationPortrait UIInterfaceOrientationPortraitUpsideDown UIInterfaceOrientationLandscapeLeft UIInterfaceOrientationLandscapeRight";
				INFOPLIST_KEY_UISupportedInterfaceOrientations_iPhone = UIInterfaceOrientationPortrait;
				LD_RUNPATH_SEARCH_PATHS = ("$(inherited)", "@executable_path/Frameworks");
				MARKETING_VERSION = 1.0;
				PRODUCT_BUNDLE_IDENTIFIER = com.scrollbrake26app.scrollbrake26app;
				PRODUCT_NAME = "$(TARGET_NAME)";
				SWIFT_EMIT_LOC_STRINGS = YES;
				SWIFT_VERSION = 5.0;
				TARGETED_DEVICE_FAMILY = "1,2";
			};
			name = Debug;
		};
		E22E6B5F04C00E0031F21E5D /* Release */ = {
			isa = XCBuildConfiguration;
			buildSettings = {
				ASSETCATALOG_COMPILER_APPICON_NAME = AppIcon;
				ASSETCATALOG_COMPILER_GLOBAL_ACCENT_COLOR_NAME = AccentColor;
				CODE_SIGN_ENTITLEMENTS = BreakScroll/BreakScroll.entitlements;
				CODE_SIGN_STYLE = Automatic;
				CURRENT_PROJECT_VERSION = 1;
				DEVELOPMENT_TEAM = "";
				ENABLE_PREVIEWS = YES;
				GENERATE_INFOPLIST_FILE = YES;
				INFOPLIST_FILE = BreakScroll/Info.plist;
				INFOPLIST_KEY_CFBundleDisplayName = "BreakScroll";
				INFOPLIST_KEY_UIApplicationSceneManifest_Generation = YES;
				INFOPLIST_KEY_UIApplicationSupportsIndirectInputEvents = YES;
				INFOPLIST_KEY_UILaunchScreen_Generation = YES;
				INFOPLIST_KEY_UISupportedInterfaceOrientations_iPad = "UIInterfaceOrientationPortrait UIInterfaceOrientationPortraitUpsideDown UIInterfaceOrientationLandscapeLeft UIInterfaceOrientationLandscapeRight";
				INFOPLIST_KEY_UISupportedInterfaceOrientations_iPhone = UIInterfaceOrientationPortrait;
				LD_RUNPATH_SEARCH_PATHS = ("$(inherited)", "@executable_path/Frameworks");
				MARKETING_VERSION = 1.0;
				PRODUCT_BUNDLE_IDENTIFIER = com.scrollbrake26app.scrollbrake26app;
				PRODUCT_NAME = "$(TARGET_NAME)";
				SWIFT_EMIT_LOC_STRINGS = YES;
				SWIFT_VERSION = 5.0;
				TARGETED_DEVICE_FAMILY = "1,2";
			};
			name = Release;
		};
		050DDC7992F25D3761477348 /* Debug */ = {
			isa = XCBuildConfiguration;
			buildSettings = {
				CODE_SIGN_ENTITLEMENTS = DeviceActivityMonitorExtension/DeviceActivityMonitorExtension.entitlements;
				CODE_SIGN_STYLE = Automatic;
				CURRENT_PROJECT_VERSION = 1;
				DEVELOPMENT_TEAM = "";
				GENERATE_INFOPLIST_FILE = YES;
				INFOPLIST_FILE = DeviceActivityMonitorExtension/Info.plist;
				INFOPLIST_KEY_CFBundleDisplayName = "BreakScroll Monitor";
				INFOPLIST_KEY_NSHumanReadableCopyright = "";
				LD_RUNPATH_SEARCH_PATHS = ("$(inherited)", "@executable_path/Frameworks", "@executable_path/../../Frameworks");
				MARKETING_VERSION = 1.0;
				PRODUCT_BUNDLE_IDENTIFIER = com.scrollbrake26app.scrollbrake26app.DeviceActivityMonitorExtension;
				PRODUCT_NAME = "$(TARGET_NAME)";
				SKIP_INSTALL = YES;
				SWIFT_EMIT_LOC_STRINGS = YES;
				SWIFT_VERSION = 5.0;
				TARGETED_DEVICE_FAMILY = "1,2";
			};
			name = Debug;
		};
		16BA18E963567B935CD224D3 /* Release */ = {
			isa = XCBuildConfiguration;
			buildSettings = {
				CODE_SIGN_ENTITLEMENTS = DeviceActivityMonitorExtension/DeviceActivityMonitorExtension.entitlements;
				CODE_SIGN_STYLE = Automatic;
				CURRENT_PROJECT_VERSION = 1;
				DEVELOPMENT_TEAM = "";
				GENERATE_INFOPLIST_FILE = YES;
				INFOPLIST_FILE = DeviceActivityMonitorExtension/Info.plist;
				INFOPLIST_KEY_CFBundleDisplayName = "BreakScroll Monitor";
				INFOPLIST_KEY_NSHumanReadableCopyright = "";
				LD_RUNPATH_SEARCH_PATHS = ("$(inherited)", "@executable_path/Frameworks", "@executable_path/../../Frameworks");
				MARKETING_VERSION = 1.0;
				PRODUCT_BUNDLE_IDENTIFIER = com.scrollbrake26app.scrollbrake26app.DeviceActivityMonitorExtension;
				PRODUCT_NAME = "$(TARGET_NAME)";
				SKIP_INSTALL = YES;
				SWIFT_EMIT_LOC_STRINGS = YES;
				SWIFT_VERSION = 5.0;
				TARGETED_DEVICE_FAMILY = "1,2";
			};
			name = Release;
		};
		95AF8E2A918D523D7FDDB820 /* Debug */ = {
			isa = XCBuildConfiguration;
			buildSettings = {
				CODE_SIGN_ENTITLEMENTS = ShieldConfigurationExtension/ShieldConfigurationExtension.entitlements;
				CODE_SIGN_STYLE = Automatic;
				CURRENT_PROJECT_VERSION = 1;
				DEVELOPMENT_TEAM = "";
				GENERATE_INFOPLIST_FILE = YES;
				INFOPLIST_FILE = ShieldConfigurationExtension/Info.plist;
				INFOPLIST_KEY_CFBundleDisplayName = "BreakScroll Shield";
				INFOPLIST_KEY_NSHumanReadableCopyright = "";
				LD_RUNPATH_SEARCH_PATHS = ("$(inherited)", "@executable_path/Frameworks", "@executable_path/../../Frameworks");
				MARKETING_VERSION = 1.0;
				PRODUCT_BUNDLE_IDENTIFIER = com.scrollbrake26app.scrollbrake26app.ShieldConfigurationExtension;
				PRODUCT_NAME = "$(TARGET_NAME)";
				SKIP_INSTALL = YES;
				SWIFT_EMIT_LOC_STRINGS = YES;
				SWIFT_VERSION = 5.0;
				TARGETED_DEVICE_FAMILY = "1,2";
			};
			name = Debug;
		};
		DA3EF45746910334A6183984 /* Release */ = {
			isa = XCBuildConfiguration;
			buildSettings = {
				CODE_SIGN_ENTITLEMENTS = ShieldConfigurationExtension/ShieldConfigurationExtension.entitlements;
				CODE_SIGN_STYLE = Automatic;
				CURRENT_PROJECT_VERSION = 1;
				DEVELOPMENT_TEAM = "";
				GENERATE_INFOPLIST_FILE = YES;
				INFOPLIST_FILE = ShieldConfigurationExtension/Info.plist;
				INFOPLIST_KEY_CFBundleDisplayName = "BreakScroll Shield";
				INFOPLIST_KEY_NSHumanReadableCopyright = "";
				LD_RUNPATH_SEARCH_PATHS = ("$(inherited)", "@executable_path/Frameworks", "@executable_path/../../Frameworks");
				MARKETING_VERSION = 1.0;
				PRODUCT_BUNDLE_IDENTIFIER = com.scrollbrake26app.scrollbrake26app.ShieldConfigurationExtension;
				PRODUCT_NAME = "$(TARGET_NAME)";
				SKIP_INSTALL = YES;
				SWIFT_EMIT_LOC_STRINGS = YES;
				SWIFT_VERSION = 5.0;
				TARGETED_DEVICE_FAMILY = "1,2";
			};
			name = Release;
		};
		52B29B1878287A95A06E9B16 /* Debug */ = {
			isa = XCBuildConfiguration;
			buildSettings = {
				CODE_SIGN_ENTITLEMENTS = ShieldActionExtension/ShieldActionExtension.entitlements;
				CODE_SIGN_STYLE = Automatic;
				CURRENT_PROJECT_VERSION = 1;
				DEVELOPMENT_TEAM = "";
				GENERATE_INFOPLIST_FILE = YES;
				INFOPLIST_FILE = ShieldActionExtension/Info.plist;
				INFOPLIST_KEY_CFBundleDisplayName = "BreakScroll Shield Action";
				INFOPLIST_KEY_NSHumanReadableCopyright = "";
				LD_RUNPATH_SEARCH_PATHS = ("$(inherited)", "@executable_path/Frameworks", "@executable_path/../../Frameworks");
				MARKETING_VERSION = 1.0;
				PRODUCT_BUNDLE_IDENTIFIER = com.scrollbrake26app.scrollbrake26app.ShieldActionExtension;
				PRODUCT_NAME = "$(TARGET_NAME)";
				SKIP_INSTALL = YES;
				SWIFT_EMIT_LOC_STRINGS = YES;
				SWIFT_VERSION = 5.0;
				TARGETED_DEVICE_FAMILY = "1,2";
			};
			name = Debug;
		};
		E479C30BCF529A7972B7886B /* Release */ = {
			isa = XCBuildConfiguration;
			buildSettings = {
				CODE_SIGN_ENTITLEMENTS = ShieldActionExtension/ShieldActionExtension.entitlements;
				CODE_SIGN_STYLE = Automatic;
				CURRENT_PROJECT_VERSION = 1;
				DEVELOPMENT_TEAM = "";
				GENERATE_INFOPLIST_FILE = YES;
				INFOPLIST_FILE = ShieldActionExtension/Info.plist;
				INFOPLIST_KEY_CFBundleDisplayName = "BreakScroll Shield Action";
				INFOPLIST_KEY_NSHumanReadableCopyright = "";
				LD_RUNPATH_SEARCH_PATHS = ("$(inherited)", "@executable_path/Frameworks", "@executable_path/../../Frameworks");
				MARKETING_VERSION = 1.0;
				PRODUCT_BUNDLE_IDENTIFIER = com.scrollbrake26app.scrollbrake26app.ShieldActionExtension;
				PRODUCT_NAME = "$(TARGET_NAME)";
				SKIP_INSTALL = YES;
				SWIFT_EMIT_LOC_STRINGS = YES;
				SWIFT_VERSION = 5.0;
				TARGETED_DEVICE_FAMILY = "1,2";
			};
			name = Release;
		};
/* End XCBuildConfiguration section */

/* Begin XCConfigurationList section */
		A1806D8FE767B99D399E13F3 /* Build configuration list for PBXProject "scrollbrake26app" */ = {
			isa = XCConfigurationList;
			buildConfigurations = (
				25F88F53074D44ECE4B1A453 /* Debug */,
				5E62481062E12FB3C636E666 /* Release */,
			);
			defaultConfigurationIsVisible = 0;
			defaultConfigurationName = Release;
		};
		3721E66B5E3979190D8634E2 /* Build configuration list for PBXNativeTarget "scrollbrake26app" */ = {
			isa = XCConfigurationList;
			buildConfigurations = (
				32FF56B2DF4D355F72AB0B68 /* Debug */,
				E22E6B5F04C00E0031F21E5D /* Release */,
			);
			defaultConfigurationIsVisible = 0;
			defaultConfigurationName = Release;
		};
		2F45AAA002D5554322AC2FDF /* Build configuration list for PBXNativeTarget "DeviceActivityMonitorExtension" */ = {
			isa = XCConfigurationList;
			buildConfigurations = (
				050DDC7992F25D3761477348 /* Debug */,
				16BA18E963567B935CD224D3 /* Release */,
			);
			defaultConfigurationIsVisible = 0;
			defaultConfigurationName = Release;
		};
		61AC06E4844368DB9CCD6654 /* Build configuration list for PBXNativeTarget "ShieldConfigurationExtension" */ = {
			isa = XCConfigurationList;
			buildConfigurations = (
				95AF8E2A918D523D7FDDB820 /* Debug */,
				DA3EF45746910334A6183984 /* Release */,
			);
			defaultConfigurationIsVisible = 0;
			defaultConfigurationName = Release;
		};
		9B3098F705383F3FDF149C11 /* Build configuration list for PBXNativeTarget "ShieldActionExtension" */ = {
			isa = XCConfigurationList;
			buildConfigurations = (
				52B29B1878287A95A06E9B16 /* Debug */,
				E479C30BCF529A7972B7886B /* Release */,
			);
			defaultConfigurationIsVisible = 0;
			defaultConfigurationName = Release;
		};
/* End XCConfigurationList section */

/* Begin XCLocalSwiftPackageReference section */
		AECDD3FD019E0B162D706E8B /* XCLocalSwiftPackageReference "../BreakScrollCore" */ = {
			isa = XCLocalSwiftPackageReference;
			relativePath = ../BreakScrollCore;
		};
/* End XCLocalSwiftPackageReference section */

/* Begin XCSwiftPackageProductDependency section */
		01DCBBE9943781C29972D0DA /* BreakScrollCore */ = {
			isa = XCSwiftPackageProductDependency;
			productName = BreakScrollCore;
		};
		125D52776AFBCB4F8B9E27C5 /* BreakScrollCore */ = {
			isa = XCSwiftPackageProductDependency;
			productName = BreakScrollCore;
		};
		87BF4137FDCBFC3878F4C4BD /* BreakScrollCore */ = {
			isa = XCSwiftPackageProductDependency;
			productName = BreakScrollCore;
		};
		B74925E829E035C665A424E9 /* BreakScrollCore */ = {
			isa = XCSwiftPackageProductDependency;
			productName = BreakScrollCore;
		};
/* End XCSwiftPackageProductDependency section */
	};
	rootObject = 46F86FAA6BBF9AC94A7E4595 /* Project object */;
}
